
Microsoft Visual Studio Solution File, Format Version 12.00
Project("{FAE04EC0-301F-11D3-BF4B-00C04F79EFBC}") = "MinecraftSymbols", "MinecraftSymbols\MinecraftSymbols.csproj", "{CDFDAB86-61A9-4E69-A282-BB322ED8A0A5}"
EndProject
Global
	GlobalSection(SolutionConfigurationPlatforms) = preSolution
		Debug|Any CPU = Debug|Any CPU
		Release|Any CPU = Release|Any CPU
	EndGlobalSection
	GlobalSection(ProjectConfigurationPlatforms) = postSolution
		{CDFDAB86-61A9-4E69-A282-BB322ED8A0A5}.Debug|Any CPU.ActiveCfg = Debug|Any CPU
		{CDFDAB86-61A9-4E69-A282-BB322ED8A0A5}.Debug|Any CPU.Build.0 = Debug|Any CPU
		{CDFDAB86-61A9-4E69-A282-BB322ED8A0A5}.Release|Any CPU.ActiveCfg = Release|Any CPU
		{CDFDAB86-61A9-4E69-A282-BB322ED8A0A5}.Release|Any CPU.Build.0 = Release|Any CPU
	EndGlobalSection
EndGlobal
